
Microsoft Visual Studio Solution File, Format Version 12.00
# Visual Studio Version 17
VisualStudioVersion = 17.0.31710.8
MinimumVisualStudioVersion = 10.0.40219.1
Project("{9A19103F-16F7-4668-BE54-9A1E7A4F7556}") = "codegen_lib", "codegen_lib\codegen_lib.csproj", "{4322AA00-65CF-4CBD-9ACF-98925A7CFCFD}"
EndProject
Project("{2150E333-8FDC-42A3-9474-1A3956D46DE8}") = "Solution Items", "Solution Items", "{E3BCCC35-7F39-4FEC-AB36-BAFBCDF820E3}"
	ProjectSection(SolutionItems) = preProject
		.editorconfig = .editorconfig
	EndProjectSection
EndProject
Project("{9A19103F-16F7-4668-BE54-9A1E7A4F7556}") = "TemplateLibrary", "TemplateLibrary\TemplateLibrary.csproj", "{172EBC1A-9DE1-4121-8D49-097B30C86DA2}"
EndProject
Project("{9A19103F-16F7-4668-BE54-9A1E7A4F7556}") = "LoggerLibrary", "LoggerLibrary\LoggerLibrary.csproj", "{422B34B8-11C2-4F0B-A331-E9BD65A9C460}"
EndProject
Project("{9A19103F-16F7-4668-BE54-9A1E7A4F7556}") = "TemplateLibraryTester", "TemplateLibraryTester\TemplateLibraryTester.csproj", "{0E409E08-E55E-4C9B-B0F8-5CA89AFD795C}"
EndProject
Project("{9A19103F-16F7-4668-BE54-9A1E7A4F7556}") = "SourceGeneratorUnitTests", "SourceGeneratorUnitTests\SourceGeneratorUnitTests.csproj", "{CEFDCB9E-21B7-45D1-A321-F0EE8D238F3F}"
EndProject
Project("{9A19103F-16F7-4668-BE54-9A1E7A4F7556}") = "Cjm.Templates", "Cjm.Templates\Cjm.Templates.csproj", "{1473F594-61EF-46B8-9FF7-38F9A2BE94E1}"
EndProject
Project("{FAE04EC0-301F-11D3-BF4B-00C04F79EFBC}") = "TemplateLibraryTests", "TemplateLibraryTests\TemplateLibraryTests.csproj", "{F106D9B4-60D8-4199-9E10-CF6EA536015D}"
EndProject
Global
	GlobalSection(SolutionConfigurationPlatforms) = preSolution
		Debug|Any CPU = Debug|Any CPU
		Release|Any CPU = Release|Any CPU
	EndGlobalSection
	GlobalSection(ProjectConfigurationPlatforms) = postSolution
		{4322AA00-65CF-4CBD-9ACF-98925A7CFCFD}.Debug|Any CPU.ActiveCfg = Debug|Any CPU
		{4322AA00-65CF-4CBD-9ACF-98925A7CFCFD}.Debug|Any CPU.Build.0 = Debug|Any CPU
		{4322AA00-65CF-4CBD-9ACF-98925A7CFCFD}.Release|Any CPU.ActiveCfg = Release|Any CPU
		{4322AA00-65CF-4CBD-9ACF-98925A7CFCFD}.Release|Any CPU.Build.0 = Release|Any CPU
		{172EBC1A-9DE1-4121-8D49-097B30C86DA2}.Debug|Any CPU.ActiveCfg = Debug|Any CPU
		{172EBC1A-9DE1-4121-8D49-097B30C86DA2}.Debug|Any CPU.Build.0 = Debug|Any CPU
		{172EBC1A-9DE1-4121-8D49-097B30C86DA2}.Release|Any CPU.ActiveCfg = Release|Any CPU
		{172EBC1A-9DE1-4121-8D49-097B30C86DA2}.Release|Any CPU.Build.0 = Release|Any CPU
		{422B34B8-11C2-4F0B-A331-E9BD65A9C460}.Debug|Any CPU.ActiveCfg = Debug|Any CPU
		{422B34B8-11C2-4F0B-A331-E9BD65A9C460}.Debug|Any CPU.Build.0 = Debug|Any CPU
		{422B34B8-11C2-4F0B-A331-E9BD65A9C460}.Release|Any CPU.ActiveCfg = Release|Any CPU
		{422B34B8-11C2-4F0B-A331-E9BD65A9C460}.Release|Any CPU.Build.0 = Release|Any CPU
		{0E409E08-E55E-4C9B-B0F8-5CA89AFD795C}.Debug|Any CPU.ActiveCfg = Debug|Any CPU
		{0E409E08-E55E-4C9B-B0F8-5CA89AFD795C}.Debug|Any CPU.Build.0 = Debug|Any CPU
		{0E409E08-E55E-4C9B-B0F8-5CA89AFD795C}.Release|Any CPU.ActiveCfg = Release|Any CPU
		{0E409E08-E55E-4C9B-B0F8-5CA89AFD795C}.Release|Any CPU.Build.0 = Release|Any CPU
		{CEFDCB9E-21B7-45D1-A321-F0EE8D238F3F}.Debug|Any CPU.ActiveCfg = Debug|Any CPU
		{CEFDCB9E-21B7-45D1-A321-F0EE8D238F3F}.Debug|Any CPU.Build.0 = Debug|Any CPU
		{CEFDCB9E-21B7-45D1-A321-F0EE8D238F3F}.Release|Any CPU.ActiveCfg = Release|Any CPU
		{CEFDCB9E-21B7-45D1-A321-F0EE8D238F3F}.Release|Any CPU.Build.0 = Release|Any CPU
		{1473F594-61EF-46B8-9FF7-38F9A2BE94E1}.Debug|Any CPU.ActiveCfg = Debug|Any CPU
		{1473F594-61EF-46B8-9FF7-38F9A2BE94E1}.Debug|Any CPU.Build.0 = Debug|Any CPU
		{1473F594-61EF-46B8-9FF7-38F9A2BE94E1}.Release|Any CPU.ActiveCfg = Release|Any CPU
		{1473F594-61EF-46B8-9FF7-38F9A2BE94E1}.Release|Any CPU.Build.0 = Release|Any CPU
		{F106D9B4-60D8-4199-9E10-CF6EA536015D}.Debug|Any CPU.ActiveCfg = Debug|Any CPU
		{F106D9B4-60D8-4199-9E10-CF6EA536015D}.Debug|Any CPU.Build.0 = Debug|Any CPU
		{F106D9B4-60D8-4199-9E10-CF6EA536015D}.Release|Any CPU.ActiveCfg = Release|Any CPU
		{F106D9B4-60D8-4199-9E10-CF6EA536015D}.Release|Any CPU.Build.0 = Release|Any CPU
	EndGlobalSection
	GlobalSection(SolutionProperties) = preSolution
		HideSolutionNode = FALSE
	EndGlobalSection
	GlobalSection(ExtensibilityGlobals) = postSolution
		SolutionGuid = {F60F5BCB-CB18-4EAA-ADE8-426E6801F465}
	EndGlobalSection
EndGlobal
